
Microsoft Visual Studio Solution File, Format Version 12.00
# Visual Studio Version 17
VisualStudioVersion = 17.2.32526.322
MinimumVisualStudioVersion = 10.0.40219.1
Project("{FAE04EC0-301F-11D3-BF4B-00C04F79EFBC}") = "DesignPatterns", "DesignPatterns\DesignPatterns.csproj", "{69DB47CC-1EBC-457C-A144-59B4F562A098}"
EndProject
Global
	GlobalSection(SolutionConfigurationPlatforms) = preSolution
		Debug|Any CPU = Debug|Any CPU
		Release|Any CPU = Release|Any CPU
	EndGlobalSection
	GlobalSection(ProjectConfigurationPlatforms) = postSolution
		{69DB47CC-1EBC-457C-A144-59B4F562A098}.Debug|Any CPU.ActiveCfg = Debug|Any CPU
		{69DB47CC-1EBC-457C-A144-59B4F562A098}.Debug|Any CPU.Build.0 = Debug|Any CPU
		{69DB47CC-1EBC-457C-A144-59B4F562A098}.Release|Any CPU.ActiveCfg = Release|Any CPU
		{69DB47CC-1EBC-457C-A144-59B4F562A098}.Release|Any CPU.Build.0 = Release|Any CPU
	EndGlobalSection
	GlobalSection(SolutionProperties) = preSolution
		HideSolutionNode = FALSE
	EndGlobalSection
	GlobalSection(ExtensibilityGlobals) = postSolution
		SolutionGuid = {2E79AB7A-7788-4FE7-BF03-F4E84DBD3AC0}
	EndGlobalSection
EndGlobal
